# THIS IS AN AUTOGENERATED FILE. DO NOT EDIT THIS FILE DIRECTLY.
# yarn lockfile v1


"@dprint/darwin-arm64@0.47.2":
  version "0.47.2"
  resolved "https://registry.yarnpkg.com/@dprint/darwin-arm64/-/darwin-arm64-0.47.2.tgz#dea8bfa146159e565e510266a2f1d7ebd2676090"
  integrity sha512-mVPFBJsXxGDKHHCAY8wbqOyS4028g1bN15H9tivCnPAjwaZhkUimZHXWejXADjhGn+Xm2SlakugY9PY/68pH3Q==

"@dprint/darwin-x64@0.47.2":
  version "0.47.2"
  resolved "https://registry.yarnpkg.com/@dprint/darwin-x64/-/darwin-x64-0.47.2.tgz#9e03a7ebb1a38ffcd46fbade96e98e8326d4c77c"
  integrity sha512-T7wzlc+rBV+6BRRiBjoqoy5Hj4TR2Nv2p2s9+ycyPGs10Kj/JXOWD8dnEHeBgUr2r4qe/ZdcxmsFQ5Hf2n0WuA==

"@dprint/linux-arm64-glibc@0.47.2":
  version "0.47.2"
  resolved "https://registry.yarnpkg.com/@dprint/linux-arm64-glibc/-/linux-arm64-glibc-0.47.2.tgz#7d6c70b1c097d8dd8756cb4cdff40afdde4d42f3"
  integrity sha512-B0m1vT5LdVtrNOVdkqpLPrSxuCD+l5bTIgRzPaDoIB1ChWQkler9IlX8C+RStpujjPj6SYvwo5vTzjQSvRdQkA==

"@dprint/linux-arm64-musl@0.47.2":
  version "0.47.2"
  resolved "https://registry.yarnpkg.com/@dprint/linux-arm64-musl/-/linux-arm64-musl-0.47.2.tgz#76158f3400848d6d00023559c7b1fbf1cf1198c9"
  integrity sha512-zID6wZZqpg2/Q2Us+ERQkbhLwlW3p3xaeEr00MPf49bpydmEjMiPuSjWPkNv+slQSIyIsVovOxF4lbNZjsdtvw==

"@dprint/linux-x64-glibc@0.47.2":
  version "0.47.2"
  resolved "https://registry.yarnpkg.com/@dprint/linux-x64-glibc/-/linux-x64-glibc-0.47.2.tgz#1c30261e7a085bcbd6d673c7ac4064a4e50c1a02"
  integrity sha512-rB3WXMdINnRd33DItIp7mObS7dzHW90ZzeJSsoKJLPp+Z7wXjjb27UUowfqVI4baa/1pd7sdbX54DPohMtfu/A==

"@dprint/linux-x64-musl@0.47.2":
  version "0.47.2"
  resolved "https://registry.yarnpkg.com/@dprint/linux-x64-musl/-/linux-x64-musl-0.47.2.tgz#27d50baca893bbaa8d5ff6448621a1d68d5eba1b"
  integrity sha512-E0+TNbzYdTXJ/jCVjUctVxkda/faw++aDQLfyWGcmdMJnbM7NZz+W4fUpDXzMPsjy+zTWxXcPK7/q2DZz2gnbg==

"@dprint/win32-arm64@0.47.2":
  version "0.47.2"
  resolved "https://registry.yarnpkg.com/@dprint/win32-arm64/-/win32-arm64-0.47.2.tgz#eb7eb2b4acd17d8221ae85c835c80aa1b6b3110c"
  integrity sha512-K1EieTCFjfOCmyIhw9zFSduE6qVCNHEveupqZEfbSkVGw5T9MJQ1I9+n7MDb3RIDYEUk0enJ58/w82q8oDKCyA==

"@dprint/win32-x64@0.47.2":
  version "0.47.2"
  resolved "https://registry.yarnpkg.com/@dprint/win32-x64/-/win32-x64-0.47.2.tgz#117c4b22de19dd11991851f27424ccc332d2266a"
  integrity sha512-LhizWr8VrhHvq4ump8HwOERyFmdLiE8C6A42QSntGXzKdaa2nEOq20x/o56ZIiDcesiV+1TmosMKimPcOZHa+Q==

"@esbuild/aix-ppc64@0.19.12":
  version "0.19.12"
  resolved "https://registry.yarnpkg.com/@esbuild/aix-ppc64/-/aix-ppc64-0.19.12.tgz#d1bc06aedb6936b3b6d313bf809a5a40387d2b7f"
  integrity sha512-bmoCYyWdEL3wDQIVbcyzRyeKLgk2WtWLTWz1ZIAZF/EGbNOwSA6ew3PftJ1PqMiOOGu0OyFMzG53L0zqIpPeNA==

"@esbuild/aix-ppc64@0.24.0":
  version "0.24.0"
  resolved "https://registry.yarnpkg.com/@esbuild/aix-ppc64/-/aix-ppc64-0.24.0.tgz#b57697945b50e99007b4c2521507dc613d4a648c"
  integrity sha512-WtKdFM7ls47zkKHFVzMz8opM7LkcsIp9amDUBIAWirg70RM71WRSjdILPsY5Uv1D42ZpUfaPILDlfactHgsRkw==

"@esbuild/android-arm64@0.19.12":
  version "0.19.12"
  resolved "https://registry.yarnpkg.com/@esbuild/android-arm64/-/android-arm64-0.19.12.tgz#7ad65a36cfdb7e0d429c353e00f680d737c2aed4"
  integrity sha512-P0UVNGIienjZv3f5zq0DP3Nt2IE/3plFzuaS96vihvD0Hd6H/q4WXUGpCxD/E8YrSXfNyRPbpTq+T8ZQioSuPA==

"@esbuild/android-arm64@0.24.0":
  version "0.24.0"
  resolved "https://registry.yarnpkg.com/@esbuild/android-arm64/-/android-arm64-0.24.0.tgz#1add7e0af67acefd556e407f8497e81fddad79c0"
  integrity sha512-Vsm497xFM7tTIPYK9bNTYJyF/lsP590Qc1WxJdlB6ljCbdZKU9SY8i7+Iin4kyhV/KV5J2rOKsBQbB77Ab7L/w==

"@esbuild/android-arm@0.19.12":
  version "0.19.12"
  resolved "https://registry.yarnpkg.com/@esbuild/android-arm/-/android-arm-0.19.12.tgz#b0c26536f37776162ca8bde25e42040c203f2824"
  integrity sha512-qg/Lj1mu3CdQlDEEiWrlC4eaPZ1KztwGJ9B6J+/6G+/4ewxJg7gqj8eVYWvao1bXrqGiW2rsBZFSX3q2lcW05w==

"@esbuild/android-arm@0.24.0":
  version "0.24.0"
  resolved "https://registry.yarnpkg.com/@esbuild/android-arm/-/android-arm-0.24.0.tgz#ab7263045fa8e090833a8e3c393b60d59a789810"
  integrity sha512-arAtTPo76fJ/ICkXWetLCc9EwEHKaeya4vMrReVlEIUCAUncH7M4bhMQ+M9Vf+FFOZJdTNMXNBrWwW+OXWpSew==

"@esbuild/android-x64@0.19.12":
  version "0.19.12"
  resolved "https://registry.yarnpkg.com/@esbuild/android-x64/-/android-x64-0.19.12.tgz#cb13e2211282012194d89bf3bfe7721273473b3d"
  integrity sha512-3k7ZoUW6Q6YqhdhIaq/WZ7HwBpnFBlW905Fa4s4qWJyiNOgT1dOqDiVAQFwBH7gBRZr17gLrlFCRzF6jFh7Kew==

"@esbuild/android-x64@0.24.0":
  version "0.24.0"
  resolved "https://registry.yarnpkg.com/@esbuild/android-x64/-/android-x64-0.24.0.tgz#e8f8b196cfdfdd5aeaebbdb0110983460440e705"
  integrity sha512-t8GrvnFkiIY7pa7mMgJd7p8p8qqYIz1NYiAoKc75Zyv73L3DZW++oYMSHPRarcotTKuSs6m3hTOa5CKHaS02TQ==

"@esbuild/darwin-arm64@0.19.12":
  version "0.19.12"
  resolved "https://registry.yarnpkg.com/@esbuild/darwin-arm64/-/darwin-arm64-0.19.12.tgz#cbee41e988020d4b516e9d9e44dd29200996275e"
  integrity sha512-B6IeSgZgtEzGC42jsI+YYu9Z3HKRxp8ZT3cqhvliEHovq8HSX2YX8lNocDn79gCKJXOSaEot9MVYky7AKjCs8g==

"@esbuild/darwin-arm64@0.24.0":
  version "0.24.0"
  resolved "https://registry.yarnpkg.com/@esbuild/darwin-arm64/-/darwin-arm64-0.24.0.tgz#2d0d9414f2acbffd2d86e98253914fca603a53dd"
  integrity sha512-CKyDpRbK1hXwv79soeTJNHb5EiG6ct3efd/FTPdzOWdbZZfGhpbcqIpiD0+vwmpu0wTIL97ZRPZu8vUt46nBSw==

"@esbuild/darwin-x64@0.19.12":
  version "0.19.12"
  resolved "https://registry.yarnpkg.com/@esbuild/darwin-x64/-/darwin-x64-0.19.12.tgz#e37d9633246d52aecf491ee916ece709f9d5f4cd"
  integrity sha512-hKoVkKzFiToTgn+41qGhsUJXFlIjxI/jSYeZf3ugemDYZldIXIxhvwN6erJGlX4t5h417iFuheZ7l+YVn05N3A==

"@esbuild/darwin-x64@0.24.0":
  version "0.24.0"
  resolved "https://registry.yarnpkg.com/@esbuild/darwin-x64/-/darwin-x64-0.24.0.tgz#33087aab31a1eb64c89daf3d2cf8ce1775656107"
  integrity sha512-rgtz6flkVkh58od4PwTRqxbKH9cOjaXCMZgWD905JOzjFKW+7EiUObfd/Kav+A6Gyud6WZk9w+xu6QLytdi2OA==

"@esbuild/freebsd-arm64@0.19.12":
  version "0.19.12"
  resolved "https://registry.yarnpkg.com/@esbuild/freebsd-arm64/-/freebsd-arm64-0.19.12.tgz#1ee4d8b682ed363b08af74d1ea2b2b4dbba76487"
  integrity sha512-4aRvFIXmwAcDBw9AueDQ2YnGmz5L6obe5kmPT8Vd+/+x/JMVKCgdcRwH6APrbpNXsPz+K653Qg8HB/oXvXVukA==

"@esbuild/freebsd-arm64@0.24.0":
  version "0.24.0"
  resolved "https://registry.yarnpkg.com/@esbuild/freebsd-arm64/-/freebsd-arm64-0.24.0.tgz#bb76e5ea9e97fa3c753472f19421075d3a33e8a7"
  integrity sha512-6Mtdq5nHggwfDNLAHkPlyLBpE5L6hwsuXZX8XNmHno9JuL2+bg2BX5tRkwjyfn6sKbxZTq68suOjgWqCicvPXA==

"@esbuild/freebsd-x64@0.19.12":
  version "0.19.12"
  resolved "https://registry.yarnpkg.com/@esbuild/freebsd-x64/-/freebsd-x64-0.19.12.tgz#37a693553d42ff77cd7126764b535fb6cc28a11c"
  integrity sha512-EYoXZ4d8xtBoVN7CEwWY2IN4ho76xjYXqSXMNccFSx2lgqOG/1TBPW0yPx1bJZk94qu3tX0fycJeeQsKovA8gg==

"@esbuild/freebsd-x64@0.24.0":
  version "0.24.0"
  resolved "https://registry.yarnpkg.com/@esbuild/freebsd-x64/-/freebsd-x64-0.24.0.tgz#e0e2ce9249fdf6ee29e5dc3d420c7007fa579b93"
  integrity sha512-D3H+xh3/zphoX8ck4S2RxKR6gHlHDXXzOf6f/9dbFt/NRBDIE33+cVa49Kil4WUjxMGW0ZIYBYtaGCa2+OsQwQ==

"@esbuild/linux-arm64@0.19.12":
  version "0.19.12"
  resolved "https://registry.yarnpkg.com/@esbuild/linux-arm64/-/linux-arm64-0.19.12.tgz#be9b145985ec6c57470e0e051d887b09dddb2d4b"
  integrity sha512-EoTjyYyLuVPfdPLsGVVVC8a0p1BFFvtpQDB/YLEhaXyf/5bczaGeN15QkR+O4S5LeJ92Tqotve7i1jn35qwvdA==

"@esbuild/linux-arm64@0.24.0":
  version "0.24.0"
  resolved "https://registry.yarnpkg.com/@esbuild/linux-arm64/-/linux-arm64-0.24.0.tgz#d1b2aa58085f73ecf45533c07c82d81235388e75"
  integrity sha512-TDijPXTOeE3eaMkRYpcy3LarIg13dS9wWHRdwYRnzlwlA370rNdZqbcp0WTyyV/k2zSxfko52+C7jU5F9Tfj1g==

"@esbuild/linux-arm@0.19.12":
  version "0.19.12"
  resolved "https://registry.yarnpkg.com/@esbuild/linux-arm/-/linux-arm-0.19.12.tgz#207ecd982a8db95f7b5279207d0ff2331acf5eef"
  integrity sha512-J5jPms//KhSNv+LO1S1TX1UWp1ucM6N6XuL6ITdKWElCu8wXP72l9MM0zDTzzeikVyqFE6U8YAV9/tFyj0ti+w==

"@esbuild/linux-arm@0.24.0":
  version "0.24.0"
  resolved "https://registry.yarnpkg.com/@esbuild/linux-arm/-/linux-arm-0.24.0.tgz#8e4915df8ea3e12b690a057e77a47b1d5935ef6d"
  integrity sha512-gJKIi2IjRo5G6Glxb8d3DzYXlxdEj2NlkixPsqePSZMhLudqPhtZ4BUrpIuTjJYXxvF9njql+vRjB2oaC9XpBw==

"@esbuild/linux-ia32@0.19.12":
  version "0.19.12"
  resolved "https://registry.yarnpkg.com/@esbuild/linux-ia32/-/linux-ia32-0.19.12.tgz#d0d86b5ca1562523dc284a6723293a52d5860601"
  integrity sha512-Thsa42rrP1+UIGaWz47uydHSBOgTUnwBwNq59khgIwktK6x60Hivfbux9iNR0eHCHzOLjLMLfUMLCypBkZXMHA==

"@esbuild/linux-ia32@0.24.0":
  version "0.24.0"
  resolved "https://registry.yarnpkg.com/@esbuild/linux-ia32/-/linux-ia32-0.24.0.tgz#8200b1110666c39ab316572324b7af63d82013fb"
  integrity sha512-K40ip1LAcA0byL05TbCQ4yJ4swvnbzHscRmUilrmP9Am7//0UjPreh4lpYzvThT2Quw66MhjG//20mrufm40mA==

"@esbuild/linux-loong64@0.19.12":
  version "0.19.12"
  resolved "https://registry.yarnpkg.com/@esbuild/linux-loong64/-/linux-loong64-0.19.12.tgz#9a37f87fec4b8408e682b528391fa22afd952299"
  integrity sha512-LiXdXA0s3IqRRjm6rV6XaWATScKAXjI4R4LoDlvO7+yQqFdlr1Bax62sRwkVvRIrwXxvtYEHHI4dm50jAXkuAA==

"@esbuild/linux-loong64@0.24.0":
  version "0.24.0"
  resolved "https://registry.yarnpkg.com/@esbuild/linux-loong64/-/linux-loong64-0.24.0.tgz#6ff0c99cf647504df321d0640f0d32e557da745c"
  integrity sha512-0mswrYP/9ai+CU0BzBfPMZ8RVm3RGAN/lmOMgW4aFUSOQBjA31UP8Mr6DDhWSuMwj7jaWOT0p0WoZ6jeHhrD7g==

"@esbuild/linux-mips64el@0.19.12":
  version "0.19.12"
  resolved "https://registry.yarnpkg.com/@esbuild/linux-mips64el/-/linux-mips64el-0.19.12.tgz#4ddebd4e6eeba20b509d8e74c8e30d8ace0b89ec"
  integrity sha512-fEnAuj5VGTanfJ07ff0gOA6IPsvrVHLVb6Lyd1g2/ed67oU1eFzL0r9WL7ZzscD+/N6i3dWumGE1Un4f7Amf+w==

"@esbuild/linux-mips64el@0.24.0":
  version "0.24.0"
  resolved "https://registry.yarnpkg.com/@esbuild/linux-mips64el/-/linux-mips64el-0.24.0.tgz#3f720ccd4d59bfeb4c2ce276a46b77ad380fa1f3"
  integrity sha512-hIKvXm0/3w/5+RDtCJeXqMZGkI2s4oMUGj3/jM0QzhgIASWrGO5/RlzAzm5nNh/awHE0A19h/CvHQe6FaBNrRA==

"@esbuild/linux-ppc64@0.19.12":
  version "0.19.12"
  resolved "https://registry.yarnpkg.com/@esbuild/linux-ppc64/-/linux-ppc64-0.19.12.tgz#adb67dadb73656849f63cd522f5ecb351dd8dee8"
  integrity sha512-nYJA2/QPimDQOh1rKWedNOe3Gfc8PabU7HT3iXWtNUbRzXS9+vgB0Fjaqr//XNbd82mCxHzik2qotuI89cfixg==

"@esbuild/linux-ppc64@0.24.0":
  version "0.24.0"
  resolved "https://registry.yarnpkg.com/@esbuild/linux-ppc64/-/linux-ppc64-0.24.0.tgz#9d6b188b15c25afd2e213474bf5f31e42e3aa09e"
  integrity sha512-HcZh5BNq0aC52UoocJxaKORfFODWXZxtBaaZNuN3PUX3MoDsChsZqopzi5UupRhPHSEHotoiptqikjN/B77mYQ==

"@esbuild/linux-riscv64@0.19.12":
  version "0.19.12"
  resolved "https://registry.yarnpkg.com/@esbuild/linux-riscv64/-/linux-riscv64-0.19.12.tgz#11bc0698bf0a2abf8727f1c7ace2112612c15adf"
  integrity sha512-2MueBrlPQCw5dVJJpQdUYgeqIzDQgw3QtiAHUC4RBz9FXPrskyyU3VI1hw7C0BSKB9OduwSJ79FTCqtGMWqJHg==

"@esbuild/linux-riscv64@0.24.0":
  version "0.24.0"
  resolved "https://registry.yarnpkg.com/@esbuild/linux-riscv64/-/linux-riscv64-0.24.0.tgz#f989fdc9752dfda286c9cd87c46248e4dfecbc25"
  integrity sha512-bEh7dMn/h3QxeR2KTy1DUszQjUrIHPZKyO6aN1X4BCnhfYhuQqedHaa5MxSQA/06j3GpiIlFGSsy1c7Gf9padw==

"@esbuild/linux-s390x@0.19.12":
  version "0.19.12"
  resolved "https://registry.yarnpkg.com/@esbuild/linux-s390x/-/linux-s390x-0.19.12.tgz#e86fb8ffba7c5c92ba91fc3b27ed5a70196c3cc8"
  integrity sha512-+Pil1Nv3Umes4m3AZKqA2anfhJiVmNCYkPchwFJNEJN5QxmTs1uzyy4TvmDrCRNT2ApwSari7ZIgrPeUx4UZDg==

"@esbuild/linux-s390x@0.24.0":
  version "0.24.0"
  resolved "https://registry.yarnpkg.com/@esbuild/linux-s390x/-/linux-s390x-0.24.0.tgz#29ebf87e4132ea659c1489fce63cd8509d1c7319"
  integrity sha512-ZcQ6+qRkw1UcZGPyrCiHHkmBaj9SiCD8Oqd556HldP+QlpUIe2Wgn3ehQGVoPOvZvtHm8HPx+bH20c9pvbkX3g==

"@esbuild/linux-x64@0.19.12":
  version "0.19.12"
  resolved "https://registry.yarnpkg.com/@esbuild/linux-x64/-/linux-x64-0.19.12.tgz#5f37cfdc705aea687dfe5dfbec086a05acfe9c78"
  integrity sha512-B71g1QpxfwBvNrfyJdVDexenDIt1CiDN1TIXLbhOw0KhJzE78KIFGX6OJ9MrtC0oOqMWf+0xop4qEU8JrJTwCg==

"@esbuild/linux-x64@0.24.0":
  version "0.24.0"
  resolved "https://registry.yarnpkg.com/@esbuild/linux-x64/-/linux-x64-0.24.0.tgz#4af48c5c0479569b1f359ffbce22d15f261c0cef"
  integrity sha512-vbutsFqQ+foy3wSSbmjBXXIJ6PL3scghJoM8zCL142cGaZKAdCZHyf+Bpu/MmX9zT9Q0zFBVKb36Ma5Fzfa8xA==

"@esbuild/netbsd-x64@0.19.12":
  version "0.19.12"
  resolved "https://registry.yarnpkg.com/@esbuild/netbsd-x64/-/netbsd-x64-0.19.12.tgz#29da566a75324e0d0dd7e47519ba2f7ef168657b"
  integrity sha512-3ltjQ7n1owJgFbuC61Oj++XhtzmymoCihNFgT84UAmJnxJfm4sYCiSLTXZtE00VWYpPMYc+ZQmB6xbSdVh0JWA==

"@esbuild/netbsd-x64@0.24.0":
  version "0.24.0"
  resolved "https://registry.yarnpkg.com/@esbuild/netbsd-x64/-/netbsd-x64-0.24.0.tgz#1ae73d23cc044a0ebd4f198334416fb26c31366c"
  integrity sha512-hjQ0R/ulkO8fCYFsG0FZoH+pWgTTDreqpqY7UnQntnaKv95uP5iW3+dChxnx7C3trQQU40S+OgWhUVwCjVFLvg==

"@esbuild/openbsd-arm64@0.24.0":
  version "0.24.0"
  resolved "https://registry.yarnpkg.com/@esbuild/openbsd-arm64/-/openbsd-arm64-0.24.0.tgz#5d904a4f5158c89859fd902c427f96d6a9e632e2"
  integrity sha512-MD9uzzkPQbYehwcN583yx3Tu5M8EIoTD+tUgKF982WYL9Pf5rKy9ltgD0eUgs8pvKnmizxjXZyLt0z6DC3rRXg==

"@esbuild/openbsd-x64@0.19.12":
  version "0.19.12"
  resolved "https://registry.yarnpkg.com/@esbuild/openbsd-x64/-/openbsd-x64-0.19.12.tgz#306c0acbdb5a99c95be98bdd1d47c916e7dc3ff0"
  integrity sha512-RbrfTB9SWsr0kWmb9srfF+L933uMDdu9BIzdA7os2t0TXhCRjrQyCeOt6wVxr79CKD4c+p+YhCj31HBkYcXebw==

"@esbuild/openbsd-x64@0.24.0":
  version "0.24.0"
  resolved "https://registry.yarnpkg.com/@esbuild/openbsd-x64/-/openbsd-x64-0.24.0.tgz#4c8aa88c49187c601bae2971e71c6dc5e0ad1cdf"
  integrity sha512-4ir0aY1NGUhIC1hdoCzr1+5b43mw99uNwVzhIq1OY3QcEwPDO3B7WNXBzaKY5Nsf1+N11i1eOfFcq+D/gOS15Q==

"@esbuild/sunos-x64@0.19.12":
  version "0.19.12"
  resolved "https://registry.yarnpkg.com/@esbuild/sunos-x64/-/sunos-x64-0.19.12.tgz#0933eaab9af8b9b2c930236f62aae3fc593faf30"
  integrity sha512-HKjJwRrW8uWtCQnQOz9qcU3mUZhTUQvi56Q8DPTLLB+DawoiQdjsYq+j+D3s9I8VFtDr+F9CjgXKKC4ss89IeA==

"@esbuild/sunos-x64@0.24.0":
  version "0.24.0"
  resolved "https://registry.yarnpkg.com/@esbuild/sunos-x64/-/sunos-x64-0.24.0.tgz#8ddc35a0ea38575fa44eda30a5ee01ae2fa54dd4"
  integrity sha512-jVzdzsbM5xrotH+W5f1s+JtUy1UWgjU0Cf4wMvffTB8m6wP5/kx0KiaLHlbJO+dMgtxKV8RQ/JvtlFcdZ1zCPA==

"@esbuild/win32-arm64@0.19.12":
  version "0.19.12"
  resolved "https://registry.yarnpkg.com/@esbuild/win32-arm64/-/win32-arm64-0.19.12.tgz#773bdbaa1971b36db2f6560088639ccd1e6773ae"
  integrity sha512-URgtR1dJnmGvX864pn1B2YUYNzjmXkuJOIqG2HdU62MVS4EHpU2946OZoTMnRUHklGtJdJZ33QfzdjGACXhn1A==

"@esbuild/win32-arm64@0.24.0":
  version "0.24.0"
  resolved "https://registry.yarnpkg.com/@esbuild/win32-arm64/-/win32-arm64-0.24.0.tgz#6e79c8543f282c4539db684a207ae0e174a9007b"
  integrity sha512-iKc8GAslzRpBytO2/aN3d2yb2z8XTVfNV0PjGlCxKo5SgWmNXx82I/Q3aG1tFfS+A2igVCY97TJ8tnYwpUWLCA==

"@esbuild/win32-ia32@0.19.12":
  version "0.19.12"
  resolved "https://registry.yarnpkg.com/@esbuild/win32-ia32/-/win32-ia32-0.19.12.tgz#000516cad06354cc84a73f0943a4aa690ef6fd67"
  integrity sha512-+ZOE6pUkMOJfmxmBZElNOx72NKpIa/HFOMGzu8fqzQJ5kgf6aTGrcJaFsNiVMH4JKpMipyK+7k0n2UXN7a8YKQ==

"@esbuild/win32-ia32@0.24.0":
  version "0.24.0"
  resolved "https://registry.yarnpkg.com/@esbuild/win32-ia32/-/win32-ia32-0.24.0.tgz#057af345da256b7192d18b676a02e95d0fa39103"
  integrity sha512-vQW36KZolfIudCcTnaTpmLQ24Ha1RjygBo39/aLkM2kmjkWmZGEJ5Gn9l5/7tzXA42QGIoWbICfg6KLLkIw6yw==

"@esbuild/win32-x64@0.19.12":
  version "0.19.12"
  resolved "https://registry.yarnpkg.com/@esbuild/win32-x64/-/win32-x64-0.19.12.tgz#c57c8afbb4054a3ab8317591a0b7320360b444ae"
  integrity sha512-T1QyPSDCyMXaO3pzBkF96E8xMkiRYbUEZADd29SyPGabqxMViNoii+NcK7eWJAEoU6RZyEm5lVSIjTmcdoB9HA==

"@esbuild/win32-x64@0.24.0":
  version "0.24.0"
  resolved "https://registry.yarnpkg.com/@esbuild/win32-x64/-/win32-x64-0.24.0.tgz#168ab1c7e1c318b922637fad8f339d48b01e1244"
  integrity sha512-7IAFPrjSQIJrGsK6flwg7NFmwBoSTyF3rl7If0hNUFQU4ilTsEPL6GuMuU9BfIWVVGuRnuIidkSMC+c0Otu8IA==

"@oxlint/darwin-arm64@0.9.5":
  version "0.9.5"
  resolved "https://registry.yarnpkg.com/@oxlint/darwin-arm64/-/darwin-arm64-0.9.5.tgz#e2ecea2d1541b7e96d78d55d96d83f86da1dac64"
  integrity sha512-+PzOfZga1MY+Bx7CXjqp+3OuA575bCcwKI2hbRvfcrmynpQB+sT9vy9TY0XvWsJpWDikQSHHFF3GipSvEqslfw==

"@oxlint/darwin-x64@0.9.5":
  version "0.9.5"
  resolved "https://registry.yarnpkg.com/@oxlint/darwin-x64/-/darwin-x64-0.9.5.tgz#b82656a921f3860e3b8baa8b44168f43ad652ce3"
  integrity sha512-vvkfBnWs2nari8Qqas8BPI7M+CbDwBMSORy5LgoCS+hUlFQ6PsRlTXYtMpLCdvBamp7FtcRSUDrX5+wK+cVDQg==

"@oxlint/linux-arm64-gnu@0.9.5":
  version "0.9.5"
  resolved "https://registry.yarnpkg.com/@oxlint/linux-arm64-gnu/-/linux-arm64-gnu-0.9.5.tgz#7e7041b6e819e66f19db80a5c43db74033d108ca"
  integrity sha512-xCRr3wbqrqbDVnu9a43tKOWqNmc11ryH8OR6k2Z1H28iAohT5kP3dUxGfZfhM/LdxkTFHyU1d3+jFyJsUmCkWg==

"@oxlint/linux-arm64-musl@0.9.5":
  version "0.9.5"
  resolved "https://registry.yarnpkg.com/@oxlint/linux-arm64-musl/-/linux-arm64-musl-0.9.5.tgz#dfd58a8f15a640e182e914922fb0bdf462d596e0"
  integrity sha512-DDjaFIwgGlHU7sl4PVkp4cKqh8KECEdtEg6zs5t1++T8Lqm6ThZUAtT/oBWM+jR1bPawptpH9BzYSeGs4OmDdg==

"@oxlint/linux-x64-gnu@0.9.5":
  version "0.9.5"
  resolved "https://registry.yarnpkg.com/@oxlint/linux-x64-gnu/-/linux-x64-gnu-0.9.5.tgz#d4136b2f352a2454bbbb7d8d0418f164ad451b30"
  integrity sha512-xZc8M42EbAeqBjLVwuUnEqfyAit0WbZYaSJ4rd6N7EVfnKxTRRu7JGy5yuR0nOtveekhQyj59VC92HipOdmZig==

"@oxlint/linux-x64-musl@0.9.5":
  version "0.9.5"
  resolved "https://registry.yarnpkg.com/@oxlint/linux-x64-musl/-/linux-x64-musl-0.9.5.tgz#e3a72844bde48ced6683d138b9ee2c215ff4bf34"
  integrity sha512-V6k4h2fOXFlQ3B6AhSvJv56DBQ7Ki23IU+tilpDzvPDTjUYsA18VWsaM2DQU00/eCxTFaqvjP1ahtGJlaZm0/w==

"@oxlint/win32-arm64@0.9.5":
  version "0.9.5"
  resolved "https://registry.yarnpkg.com/@oxlint/win32-arm64/-/win32-arm64-0.9.5.tgz#2552a4dcd567bfcde35c313f551fc1a770568926"
  integrity sha512-5qbr5KwczXCXpj31NiL600cJe0LfNSBj4y4VovpYT3EH+HCP8NhOk7aMe2TDdc4yD4Few9qJfMlMbW4GltJGVw==

"@oxlint/win32-x64@0.9.5":
  version "0.9.5"
  resolved "https://registry.yarnpkg.com/@oxlint/win32-x64/-/win32-x64-0.9.5.tgz#4ceef9d51d6a0978660c4a4aea4c747fc5db55bb"
  integrity sha512-6zZK5S0mrIO8+/metreSb0ydq5JgC5VLve7dNnbYMxZFajdjNGGTCTatJm6cuLXhupHkcMI28AIvrMmPsfrb7A==

"@reactgjs/gest@^0.5.0":
  version "0.5.0"
  resolved "https://registry.yarnpkg.com/@reactgjs/gest/-/gest-0.5.0.tgz#6d17c88139b29c0a3ec0d233da39cf4e40214174"
  integrity sha512-BfH5BE8plbVp8ZMMyWW2ETg4Gau2HH923vvgf0NEYSjxPtCwxHnEbNb86qdQ99JBgMQfHE0cZjsIjIP0vQr+Nw==
  dependencies:
    esbuild "~0.19.2"

"@types/json-schema@^7.0.11", "@types/json-schema@^7.0.12":
  version "7.0.15"
  resolved "https://registry.yarnpkg.com/@types/json-schema/-/json-schema-7.0.15.tgz#596a1747233694d50f6ad8a7869fcb6f56cf5841"
  integrity sha512-5+fP8P8MFNC+AyZCDxrB2pkZFPGzqQWUzpSeuuVLvm8VMcorNYavBqoFcxK8bQz4Qsbn4oUEEem4wDLfcysGHA==

"@types/prop-types@*":
  version "15.7.12"
  resolved "https://registry.yarnpkg.com/@types/prop-types/-/prop-types-15.7.12.tgz#12bb1e2be27293c1406acb6af1c3f3a1481d98c6"
  integrity sha512-5zvhXYtRNRluoE/jAp4GVsSduVUzNWKkOZrCDBWYtE7biZywwdC2AcEzg+cSMLFRfVgeAFqpfNabiPjxFddV1Q==

"@types/react-reconciler@^0.28.4":
  version "0.28.8"
  resolved "https://registry.yarnpkg.com/@types/react-reconciler/-/react-reconciler-0.28.8.tgz#e51710572bcccf214306833c2438575d310b3e98"
  integrity sha512-SN9c4kxXZonFhbX4hJrZy37yw9e7EIxcpHCxQv5JUS18wDE5ovkQKlqQEkufdJCCMfuI9BnjUJvhYeJ9x5Ra7g==
  dependencies:
    "@types/react" "*"

"@types/react@*":
  version "18.3.2"
  resolved "https://registry.yarnpkg.com/@types/react/-/react-18.3.2.tgz#462ae4904973bc212fa910424d901e3d137dbfcd"
  integrity sha512-Btgg89dAnqD4vV7R3hlwOxgqobUQKgx3MmrQRi0yYbs/P0ym8XozIAlkqVilPqHQwXs4e9Tf63rrCgl58BcO4w==
  dependencies:
    "@types/prop-types" "*"
    csstype "^3.0.2"

ansi-regex@^5.0.1:
  version "5.0.1"
  resolved "https://registry.yarnpkg.com/ansi-regex/-/ansi-regex-5.0.1.tgz#082cb2c89c9fe8659a311a53bd6a4dc5301db304"
  integrity sha512-quJQXlTSUGL2LH9SUXo8VwsY4soanhgo6LNSm84E1LBcE8s3O0wpdiRzyR9z/ZZJMlMWv37qOOb9pdJlMUEKFQ==

ansi-styles@^4.1.0:
  version "4.3.0"
  resolved "https://registry.yarnpkg.com/ansi-styles/-/ansi-styles-4.3.0.tgz#edd803628ae71c04c85ae7a0906edad34b648937"
  integrity sha512-zbB9rCJAT1rbjiVDb2hqKFHNYLxgtk8NURxZ3IZwD3F6NtxbXZQCnnSi1Lkx+IDohdPlFp222wVALIheZJQSEg==
  dependencies:
    color-convert "^2.0.1"

async-await-queue@^1.2.1:
  version "1.2.1"
  resolved "https://registry.yarnpkg.com/async-await-queue/-/async-await-queue-1.2.1.tgz#baf459f5fbac902b060a88fee4da853fd86f2128"
  integrity sha512-v2j+/EMzAnuJZ8I4570KJMFhi6G9g3WZyFh6cPnmQSJh3nLao77XpRt01kyFegQazPSKvue1yaIYDp/NfV/b0g==

chalk@^4.0.0, chalk@^4.1.2:
  version "4.1.2"
  resolved "https://registry.yarnpkg.com/chalk/-/chalk-4.1.2.tgz#aac4e2b7734a740867aeb16bf02aad556a1e7a01"
  integrity sha512-oKnbhFyRIXpUuez8iBMmyEa4nbj4IOQyuhc/wy9kY7/WVPcwIO9VA668Pu8RkO7+0G76SLROeyw9CpQ061i4mA==
  dependencies:
    ansi-styles "^4.1.0"
    supports-color "^7.1.0"

"clify.js@git+https://github.com/ncpa0cpl/clify.js#0.0.5":
  version "1.0.3"
  resolved "git+https://github.com/ncpa0cpl/clify.js#63c08dd0ad286d9416f89a34da6014f204258b38"
  dependencies:
    chalk "^4.1.2"

color-convert@^2.0.1:
  version "2.0.1"
  resolved "https://registry.yarnpkg.com/color-convert/-/color-convert-2.0.1.tgz#72d3a68d598c9bdb3af2ad1e84f21d896abd4de3"
  integrity sha512-RRECPsj7iu/xb5oKYcsFHSppFNnsj/52OVTRKb4zP5onXwVF3zVmmToNcOfGC+CRDpfK/U584fMg38ZHCaElKQ==
  dependencies:
    color-name "~1.1.4"

color-name@~1.1.4:
  version "1.1.4"
  resolved "https://registry.yarnpkg.com/color-name/-/color-name-1.1.4.tgz#c2a09a87acbde69543de6f63fa3995c826c536a2"
  integrity sha512-dOy+3AuW3a2wNbZHIuMZpTcgjGuLU/uBL/ubcZF9OXbDo8ff4O8yVp5Bf0efS8uEoYo5q4Fx7dY9OgQGXgAsQA==

csstype@^3.0.2:
  version "3.1.3"
  resolved "https://registry.yarnpkg.com/csstype/-/csstype-3.1.3.tgz#d80ff294d114fb0e6ac500fbf85b60137d7eff81"
  integrity sha512-M1uQkMl8rQK/szD0LNhtqxIPLpimGm8sOBwU7lLnCpSbTyY3yeU1Vc7l4KT5zT4s/yOxHH5O7tIuuLOCnLADRw==

dilswer@^1.2.0:
  version "1.5.0"
  resolved "https://registry.yarnpkg.com/dilswer/-/dilswer-1.5.0.tgz#b95922da65ffef276624ad29f980b8920a78b5ce"
  integrity sha512-J53vAsWMg1Yh469v+pSIMYEyaAefzFTcqoos8MIA59l0qD9US0Qfw7egpt4NkScNJuD8vLogToluh942aRhHNg==
  dependencies:
    "@types/json-schema" "^7.0.11"

dilswer@^2.1.1:
  version "2.1.1"
  resolved "https://registry.yarnpkg.com/dilswer/-/dilswer-2.1.1.tgz#82a10b128c3f98b89961b1da04b23e4b91b57bd7"
  integrity sha512-GTpSyWGniwk19hh1JKrVFsENqFqZv4Ga59JxJW5ZvGHMBLcvcGAj4YPzh2gyiz4CLDPBDXyYF9b+xxVW1Md4RA==
  dependencies:
    "@types/json-schema" "^7.0.12"

dprint@^0.47.2:
  version "0.47.2"
  resolved "https://registry.yarnpkg.com/dprint/-/dprint-0.47.2.tgz#f3aca518324b9948066652c87e4c4a3bc509869d"
  integrity sha512-geUcVIIrmLaY+YtuOl4gD7J/QCjsXZa5gUqre9sO6cgH0X/Fa9heBN3l/AWVII6rKPw45ATuCSDWz1pyO+HkPQ==
  optionalDependencies:
    "@dprint/darwin-arm64" "0.47.2"
    "@dprint/darwin-x64" "0.47.2"
    "@dprint/linux-arm64-glibc" "0.47.2"
    "@dprint/linux-arm64-musl" "0.47.2"
    "@dprint/linux-x64-glibc" "0.47.2"
    "@dprint/linux-x64-musl" "0.47.2"
    "@dprint/win32-arm64" "0.47.2"
    "@dprint/win32-x64" "0.47.2"

esbuild@^0.24.0:
  version "0.24.0"
  resolved "https://registry.yarnpkg.com/esbuild/-/esbuild-0.24.0.tgz#f2d470596885fcb2e91c21eb3da3b3c89c0b55e7"
  integrity sha512-FuLPevChGDshgSicjisSooU0cemp/sGXR841D5LHMB7mTVOmsEHcAxaH3irL53+8YDIeVNQEySh4DaYU/iuPqQ==
  optionalDependencies:
    "@esbuild/aix-ppc64" "0.24.0"
    "@esbuild/android-arm" "0.24.0"
    "@esbuild/android-arm64" "0.24.0"
    "@esbuild/android-x64" "0.24.0"
    "@esbuild/darwin-arm64" "0.24.0"
    "@esbuild/darwin-x64" "0.24.0"
    "@esbuild/freebsd-arm64" "0.24.0"
    "@esbuild/freebsd-x64" "0.24.0"
    "@esbuild/linux-arm" "0.24.0"
    "@esbuild/linux-arm64" "0.24.0"
    "@esbuild/linux-ia32" "0.24.0"
    "@esbuild/linux-loong64" "0.24.0"
    "@esbuild/linux-mips64el" "0.24.0"
    "@esbuild/linux-ppc64" "0.24.0"
    "@esbuild/linux-riscv64" "0.24.0"
    "@esbuild/linux-s390x" "0.24.0"
    "@esbuild/linux-x64" "0.24.0"
    "@esbuild/netbsd-x64" "0.24.0"
    "@esbuild/openbsd-arm64" "0.24.0"
    "@esbuild/openbsd-x64" "0.24.0"
    "@esbuild/sunos-x64" "0.24.0"
    "@esbuild/win32-arm64" "0.24.0"
    "@esbuild/win32-ia32" "0.24.0"
    "@esbuild/win32-x64" "0.24.0"

esbuild@~0.19.2:
  version "0.19.12"
  resolved "https://registry.yarnpkg.com/esbuild/-/esbuild-0.19.12.tgz#dc82ee5dc79e82f5a5c3b4323a2a641827db3e04"
  integrity sha512-aARqgq8roFBj054KvQr5f1sFu0D65G+miZRCuJyJ0G13Zwx7vRar5Zhn2tkQNzIXcBrNVsv/8stehpj+GAjgbg==
  optionalDependencies:
    "@esbuild/aix-ppc64" "0.19.12"
    "@esbuild/android-arm" "0.19.12"
    "@esbuild/android-arm64" "0.19.12"
    "@esbuild/android-x64" "0.19.12"
    "@esbuild/darwin-arm64" "0.19.12"
    "@esbuild/darwin-x64" "0.19.12"
    "@esbuild/freebsd-arm64" "0.19.12"
    "@esbuild/freebsd-x64" "0.19.12"
    "@esbuild/linux-arm" "0.19.12"
    "@esbuild/linux-arm64" "0.19.12"
    "@esbuild/linux-ia32" "0.19.12"
    "@esbuild/linux-loong64" "0.19.12"
    "@esbuild/linux-mips64el" "0.19.12"
    "@esbuild/linux-ppc64" "0.19.12"
    "@esbuild/linux-riscv64" "0.19.12"
    "@esbuild/linux-s390x" "0.19.12"
    "@esbuild/linux-x64" "0.19.12"
    "@esbuild/netbsd-x64" "0.19.12"
    "@esbuild/openbsd-x64" "0.19.12"
    "@esbuild/sunos-x64" "0.19.12"
    "@esbuild/win32-arm64" "0.19.12"
    "@esbuild/win32-ia32" "0.19.12"
    "@esbuild/win32-x64" "0.19.12"

git-hook-tasks@ncpa0cpl/git-hook-tasks#master:
  version "1.0.0"
  resolved "https://codeload.github.com/ncpa0cpl/git-hook-tasks/tar.gz/4fada7136e96600b0f66606e7427cf57b857504d"
  dependencies:
    async-await-queue "^1.2.1"
    chalk "^4.0.0"
    clify.js "git+https://github.com/ncpa0cpl/clify.js#0.0.5"
    dilswer "^1.2.0"
    node-os-walk "^1.0.0"
    strip-ansi "^6.0.1"

gjs-esm-types@^0.0.4:
  version "0.0.4"
  resolved "https://registry.yarnpkg.com/gjs-esm-types/-/gjs-esm-types-0.0.4.tgz#60329a81d99c0252ae7c71c927ae0f2ef956465f"
  integrity sha512-5w9Y7etV9HorOVUswpMAM+tq5GpwLHKSqGREF392bjar6qzN2TwyCOfhnjoPbIfW9Kb1655bys54znMFfvc7ZQ==

has-flag@^4.0.0:
  version "4.0.0"
  resolved "https://registry.yarnpkg.com/has-flag/-/has-flag-4.0.0.tgz#944771fd9c81c81265c4d6941860da06bb59479b"
  integrity sha512-EykJT/Q1KjTWctppgIAgfSO0tKVuZUjhgMr17kqTumMl6Afv3EISleU7qZUzoXDFTAHTDC4NOoG/ZxU3EvlMPQ==

husky@^8.0.3:
  version "8.0.3"
  resolved "https://registry.yarnpkg.com/husky/-/husky-8.0.3.tgz#4936d7212e46d1dea28fef29bb3a108872cd9184"
  integrity sha512-+dQSyqPh4x1hlO1swXBiNb2HzTDN1I2IGLQx1GrBuiqFJfoMrnZWwVmatvSiO+Iz8fBUnf+lekwNo4c2LlXItg==

"js-tokens@^3.0.0 || ^4.0.0":
  version "4.0.0"
  resolved "https://registry.yarnpkg.com/js-tokens/-/js-tokens-4.0.0.tgz#19203fb59991df98e3a287050d4647cdeaf32499"
  integrity sha512-RdJUflcE3cUzKiMqQgsCu06FPu9UdIJO0beYbPhHN4k6apgJtifcoCtT9bcxOpYBtpD2kCM6Sbzg4CausW/PKQ==

json5@2.2.3:
  version "2.2.3"
  resolved "https://registry.yarnpkg.com/json5/-/json5-2.2.3.tgz#78cd6f1a19bdc12b73db5ad0c61efd66c1e29283"
  integrity sha512-XmOWe7eyHYH14cLdVPoyg+GOH3rYX++KpzrylJwSW98t3Nk+U8XOl8FWKOgwtzdb8lXGf6zYwDUzeHMWfxasyg==

loose-envify@^1.1.0:
  version "1.4.0"
  resolved "https://registry.yarnpkg.com/loose-envify/-/loose-envify-1.4.0.tgz#71ee51fa7be4caec1a63839f7e682d8132d30caf"
  integrity sha512-lyuxPGr/Wfhrlem2CL/UcnUc1zcqKAImBDzukY7Y5F/yQiNdko6+fRLevlw1HgMySw7f611UIY408EtxRSoK3Q==
  dependencies:
    js-tokens "^3.0.0 || ^4.0.0"

node-os-walk@^1.0.0:
  version "1.0.2"
  resolved "https://registry.yarnpkg.com/node-os-walk/-/node-os-walk-1.0.2.tgz#82011408577437856451398f14cfe7fd0982902f"
  integrity sha512-aJOH1sKNP2vdYZwLyaSqPouM5Bg5YnNd0t/8cdLz2mjxDGxZyqFpa7vTsbhfjUdJM3ZBwiLPwu84kl2tET8T+Q==

oxlint@^0.9.1:
  version "0.9.5"
  resolved "https://registry.yarnpkg.com/oxlint/-/oxlint-0.9.5.tgz#da7747f8836d6b267531fa990abe5aaac7818c0d"
  integrity sha512-Jw1QnE3GPwkKU6JUIfA+b8W5e+Oq9gAPDkEUK2ImE/1kPGoO2iHUmvnI0FS7sHeivHWbe1lsfdetWgxeW5YBZA==
  optionalDependencies:
    "@oxlint/darwin-arm64" "0.9.5"
    "@oxlint/darwin-x64" "0.9.5"
    "@oxlint/linux-arm64-gnu" "0.9.5"
    "@oxlint/linux-arm64-musl" "0.9.5"
    "@oxlint/linux-x64-gnu" "0.9.5"
    "@oxlint/linux-x64-musl" "0.9.5"
    "@oxlint/win32-arm64" "0.9.5"
    "@oxlint/win32-x64" "0.9.5"

react-reconciler@^0.29.0:
  version "0.29.2"
  resolved "https://registry.yarnpkg.com/react-reconciler/-/react-reconciler-0.29.2.tgz#8ecfafca63549a4f4f3e4c1e049dd5ad9ac3a54f"
  integrity sha512-zZQqIiYgDCTP/f1N/mAR10nJGrPD2ZR+jDSEsKWJHYC7Cm2wodlwbR3upZRdC3cjIjSlTLNVyO7Iu0Yy7t2AYg==
  dependencies:
    loose-envify "^1.1.0"
    scheduler "^0.23.2"

react@^18.3.1:
  version "18.3.1"
  resolved "https://registry.yarnpkg.com/react/-/react-18.3.1.tgz#49ab892009c53933625bd16b2533fc754cab2891"
  integrity sha512-wS+hAgJShR0KhEvPJArfuPVN1+Hz1t0Y6n5jLrGQbkb4urgPE/0Rve+1kMB1v/oWgHgm4WIcV+i7F2pTVj+2iQ==
  dependencies:
    loose-envify "^1.1.0"

scheduler@^0.23.2:
  version "0.23.2"
  resolved "https://registry.yarnpkg.com/scheduler/-/scheduler-0.23.2.tgz#414ba64a3b282892e944cf2108ecc078d115cdc3"
  integrity sha512-UOShsPwz7NrMUqhR6t0hWjFduvOzbtv7toDH1/hIrfRNIDBnnBWd0CwJTGvTpngVlmwGCdP9/Zl/tVrDqcuYzQ==
  dependencies:
    loose-envify "^1.1.0"

strip-ansi@^6.0.1:
  version "6.0.1"
  resolved "https://registry.yarnpkg.com/strip-ansi/-/strip-ansi-6.0.1.tgz#9e26c63d30f53443e9489495b2105d37b67a85d9"
  integrity sha512-Y38VPSHcqkFrCpFnQ9vuSXmquuv5oXOKpGeT6aGrr3o3Gc9AlVa6JBfUSOCnbxGGZF+/0ooI7KrPuUSztUdU5A==
  dependencies:
    ansi-regex "^5.0.1"

supports-color@^7.1.0:
  version "7.2.0"
  resolved "https://registry.yarnpkg.com/supports-color/-/supports-color-7.2.0.tgz#1b7dcdcb32b8138801b3e478ba6a51caa89648da"
  integrity sha512-qpCAvRl9stuOHveKsn7HncJRvv501qIacKzQlO/+Lwxc9+0q2wLyv4Dfvt80/DPn2pqOBsJdDiogXGR9+OvwRw==
  dependencies:
    has-flag "^4.0.0"

typescript@^5.4.5:
  version "5.6.2"
  resolved "https://registry.yarnpkg.com/typescript/-/typescript-5.6.2.tgz#d1de67b6bef77c41823f822df8f0b3bcff60a5a0"
  integrity sha512-NW8ByodCSNCwZeghjN3o+JX5OFH0Ojg6sadjEKY4huZ52TqbJTJnDo5+Tw98lSy63NZvi4n+ez5m2u5d4PkZyw==
