# THIS IS AN AUTOGENERATED FILE. DO NOT EDIT THIS FILE DIRECTLY.
# yarn lockfile v1


"@dprint/darwin-arm64@0.45.1":
  version "0.45.1"
  resolved "https://registry.yarnpkg.com/@dprint/darwin-arm64/-/darwin-arm64-0.45.1.tgz#3c989b5fd7122a61f20ec95db1a3e6f020634a90"
  integrity sha512-pH0/uKLJ5SJPoHhOwLWFMhCmL0BY3FzWQbull8OGMK/FRkIPgOl2adZSovtUZpUMGWyDOzIWH1fW9X2DuMhnEg==

"@dprint/darwin-x64@0.45.1":
  version "0.45.1"
  resolved "https://registry.yarnpkg.com/@dprint/darwin-x64/-/darwin-x64-0.45.1.tgz#f024fa56804ecdb7b52e31e698b95c5f8fc9e8d1"
  integrity sha512-YUj421LmBLDlxpIER3pORKfQmpmXD50n5mClHjpZrnl17WTiHtQ+jHvDJdJoxH2eS66W0mQyxLoGo5SfFfiM7A==

"@dprint/linux-arm64-glibc@0.45.1":
  version "0.45.1"
  resolved "https://registry.yarnpkg.com/@dprint/linux-arm64-glibc/-/linux-arm64-glibc-0.45.1.tgz#e31be90fd8483f8b79c0a7081c7befb167c5865e"
  integrity sha512-lJ7s/pOQWRJ0mstjZQnVyX2/3QRXZ9cpFHJDZ7e81Y8QSn/iqxTrnK0DPgxUrDG8hYKQmWQdQLU4sP5DKBz0Jg==

"@dprint/linux-arm64-musl@0.45.1":
  version "0.45.1"
  resolved "https://registry.yarnpkg.com/@dprint/linux-arm64-musl/-/linux-arm64-musl-0.45.1.tgz#ff5ad5ce0d55d8ff35139992f283765326a0bc2b"
  integrity sha512-un2awe1L1sAJLsCPSEUrE0/cgupdzbYFoyBOutyU1zHR9KQn47AtIDw+chvuinU4xleHDuEGyXGuJ6NE+Ky6vw==

"@dprint/linux-x64-glibc@0.45.1":
  version "0.45.1"
  resolved "https://registry.yarnpkg.com/@dprint/linux-x64-glibc/-/linux-x64-glibc-0.45.1.tgz#890a1c42507746d2082778ec67d6e2873b6c7f71"
  integrity sha512-5Civht90S/g8zlyYB7n4oH78p+sLbNqeFCFuImJRK7uRxZwCRya7lji6RwlB6DQ7qngVqovTHj9RLOYfZzfVlg==

"@dprint/linux-x64-musl@0.45.1":
  version "0.45.1"
  resolved "https://registry.yarnpkg.com/@dprint/linux-x64-musl/-/linux-x64-musl-0.45.1.tgz#53508925c105c8392335f0b6e15c49334e631c96"
  integrity sha512-p2/gjnHDd8GRCvtey5HZO4o/He6pSmY/zpcCuIXprFW9P0vNlEj3DFhz4FPpOKXM+csrsVWWs2E0T/xr5QZtVg==

"@dprint/win32-x64@0.45.1":
  version "0.45.1"
  resolved "https://registry.yarnpkg.com/@dprint/win32-x64/-/win32-x64-0.45.1.tgz#6d08308cf08e4b751efb0692ded28b57d42a365d"
  integrity sha512-2l78XM7KsW46P2Yv6uPB3fE+y92EsBlrCxi+RVQ0pbznPFdMdkLyGgaCuh683zdld14jHlaADpIQ7YchGAEMAg==

"@esbuild/aix-ppc64@0.19.12":
  version "0.19.12"
  resolved "https://registry.yarnpkg.com/@esbuild/aix-ppc64/-/aix-ppc64-0.19.12.tgz#d1bc06aedb6936b3b6d313bf809a5a40387d2b7f"
  integrity sha512-bmoCYyWdEL3wDQIVbcyzRyeKLgk2WtWLTWz1ZIAZF/EGbNOwSA6ew3PftJ1PqMiOOGu0OyFMzG53L0zqIpPeNA==

"@esbuild/aix-ppc64@0.21.4":
  version "0.21.4"
  resolved "https://registry.yarnpkg.com/@esbuild/aix-ppc64/-/aix-ppc64-0.21.4.tgz#f83eb142df3ca7b49531c1ed680b81e484316508"
  integrity sha512-Zrm+B33R4LWPLjDEVnEqt2+SLTATlru1q/xYKVn8oVTbiRBGmK2VIMoIYGJDGyftnGaC788IuzGFAlb7IQ0Y8A==

"@esbuild/android-arm64@0.19.12":
  version "0.19.12"
  resolved "https://registry.yarnpkg.com/@esbuild/android-arm64/-/android-arm64-0.19.12.tgz#7ad65a36cfdb7e0d429c353e00f680d737c2aed4"
  integrity sha512-P0UVNGIienjZv3f5zq0DP3Nt2IE/3plFzuaS96vihvD0Hd6H/q4WXUGpCxD/E8YrSXfNyRPbpTq+T8ZQioSuPA==

"@esbuild/android-arm64@0.21.4":
  version "0.21.4"
  resolved "https://registry.yarnpkg.com/@esbuild/android-arm64/-/android-arm64-0.21.4.tgz#dd328039daccd6033b2d1e536c054914bfc92287"
  integrity sha512-fYFnz+ObClJ3dNiITySBUx+oNalYUT18/AryMxfovLkYWbutXsct3Wz2ZWAcGGppp+RVVX5FiXeLYGi97umisA==

"@esbuild/android-arm@0.19.12":
  version "0.19.12"
  resolved "https://registry.yarnpkg.com/@esbuild/android-arm/-/android-arm-0.19.12.tgz#b0c26536f37776162ca8bde25e42040c203f2824"
  integrity sha512-qg/Lj1mu3CdQlDEEiWrlC4eaPZ1KztwGJ9B6J+/6G+/4ewxJg7gqj8eVYWvao1bXrqGiW2rsBZFSX3q2lcW05w==

"@esbuild/android-arm@0.21.4":
  version "0.21.4"
  resolved "https://registry.yarnpkg.com/@esbuild/android-arm/-/android-arm-0.21.4.tgz#76767a989720a97b206ea14c52af6e4589e48b0d"
  integrity sha512-E7H/yTd8kGQfY4z9t3nRPk/hrhaCajfA3YSQSBrst8B+3uTcgsi8N+ZWYCaeIDsiVs6m65JPCaQN/DxBRclF3A==

"@esbuild/android-x64@0.19.12":
  version "0.19.12"
  resolved "https://registry.yarnpkg.com/@esbuild/android-x64/-/android-x64-0.19.12.tgz#cb13e2211282012194d89bf3bfe7721273473b3d"
  integrity sha512-3k7ZoUW6Q6YqhdhIaq/WZ7HwBpnFBlW905Fa4s4qWJyiNOgT1dOqDiVAQFwBH7gBRZr17gLrlFCRzF6jFh7Kew==

"@esbuild/android-x64@0.21.4":
  version "0.21.4"
  resolved "https://registry.yarnpkg.com/@esbuild/android-x64/-/android-x64-0.21.4.tgz#14a8ae3c35702d882086efb5a8f8d7b0038d8d35"
  integrity sha512-mDqmlge3hFbEPbCWxp4fM6hqq7aZfLEHZAKGP9viq9wMUBVQx202aDIfc3l+d2cKhUJM741VrCXEzRFhPDKH3Q==

"@esbuild/darwin-arm64@0.19.12":
  version "0.19.12"
  resolved "https://registry.yarnpkg.com/@esbuild/darwin-arm64/-/darwin-arm64-0.19.12.tgz#cbee41e988020d4b516e9d9e44dd29200996275e"
  integrity sha512-B6IeSgZgtEzGC42jsI+YYu9Z3HKRxp8ZT3cqhvliEHovq8HSX2YX8lNocDn79gCKJXOSaEot9MVYky7AKjCs8g==

"@esbuild/darwin-arm64@0.21.4":
  version "0.21.4"
  resolved "https://registry.yarnpkg.com/@esbuild/darwin-arm64/-/darwin-arm64-0.21.4.tgz#7e735046005e4c12e9139e0bdd1fa6a754430d57"
  integrity sha512-72eaIrDZDSiWqpmCzVaBD58c8ea8cw/U0fq/PPOTqE3c53D0xVMRt2ooIABZ6/wj99Y+h4ksT/+I+srCDLU9TA==

"@esbuild/darwin-x64@0.19.12":
  version "0.19.12"
  resolved "https://registry.yarnpkg.com/@esbuild/darwin-x64/-/darwin-x64-0.19.12.tgz#e37d9633246d52aecf491ee916ece709f9d5f4cd"
  integrity sha512-hKoVkKzFiToTgn+41qGhsUJXFlIjxI/jSYeZf3ugemDYZldIXIxhvwN6erJGlX4t5h417iFuheZ7l+YVn05N3A==

"@esbuild/darwin-x64@0.21.4":
  version "0.21.4"
  resolved "https://registry.yarnpkg.com/@esbuild/darwin-x64/-/darwin-x64-0.21.4.tgz#db623553547a5fe3502a63aa88306e9023178482"
  integrity sha512-uBsuwRMehGmw1JC7Vecu/upOjTsMhgahmDkWhGLWxIgUn2x/Y4tIwUZngsmVb6XyPSTXJYS4YiASKPcm9Zitag==

"@esbuild/freebsd-arm64@0.19.12":
  version "0.19.12"
  resolved "https://registry.yarnpkg.com/@esbuild/freebsd-arm64/-/freebsd-arm64-0.19.12.tgz#1ee4d8b682ed363b08af74d1ea2b2b4dbba76487"
  integrity sha512-4aRvFIXmwAcDBw9AueDQ2YnGmz5L6obe5kmPT8Vd+/+x/JMVKCgdcRwH6APrbpNXsPz+K653Qg8HB/oXvXVukA==

"@esbuild/freebsd-arm64@0.21.4":
  version "0.21.4"
  resolved "https://registry.yarnpkg.com/@esbuild/freebsd-arm64/-/freebsd-arm64-0.21.4.tgz#91cbad647c079bf932086fbd4749d7f563df67b8"
  integrity sha512-8JfuSC6YMSAEIZIWNL3GtdUT5NhUA/CMUCpZdDRolUXNAXEE/Vbpe6qlGLpfThtY5NwXq8Hi4nJy4YfPh+TwAg==

"@esbuild/freebsd-x64@0.19.12":
  version "0.19.12"
  resolved "https://registry.yarnpkg.com/@esbuild/freebsd-x64/-/freebsd-x64-0.19.12.tgz#37a693553d42ff77cd7126764b535fb6cc28a11c"
  integrity sha512-EYoXZ4d8xtBoVN7CEwWY2IN4ho76xjYXqSXMNccFSx2lgqOG/1TBPW0yPx1bJZk94qu3tX0fycJeeQsKovA8gg==

"@esbuild/freebsd-x64@0.21.4":
  version "0.21.4"
  resolved "https://registry.yarnpkg.com/@esbuild/freebsd-x64/-/freebsd-x64-0.21.4.tgz#723299b9859ccbe5532fecbadba3ac33019ba8e8"
  integrity sha512-8d9y9eQhxv4ef7JmXny7591P/PYsDFc4+STaxC1GBv0tMyCdyWfXu2jBuqRsyhY8uL2HU8uPyscgE2KxCY9imQ==

"@esbuild/linux-arm64@0.19.12":
  version "0.19.12"
  resolved "https://registry.yarnpkg.com/@esbuild/linux-arm64/-/linux-arm64-0.19.12.tgz#be9b145985ec6c57470e0e051d887b09dddb2d4b"
  integrity sha512-EoTjyYyLuVPfdPLsGVVVC8a0p1BFFvtpQDB/YLEhaXyf/5bczaGeN15QkR+O4S5LeJ92Tqotve7i1jn35qwvdA==

"@esbuild/linux-arm64@0.21.4":
  version "0.21.4"
  resolved "https://registry.yarnpkg.com/@esbuild/linux-arm64/-/linux-arm64-0.21.4.tgz#531743f861e1ef6e50b874d6c784cda37aa5e685"
  integrity sha512-/GLD2orjNU50v9PcxNpYZi+y8dJ7e7/LhQukN3S4jNDXCKkyyiyAz9zDw3siZ7Eh1tRcnCHAo/WcqKMzmi4eMQ==

"@esbuild/linux-arm@0.19.12":
  version "0.19.12"
  resolved "https://registry.yarnpkg.com/@esbuild/linux-arm/-/linux-arm-0.19.12.tgz#207ecd982a8db95f7b5279207d0ff2331acf5eef"
  integrity sha512-J5jPms//KhSNv+LO1S1TX1UWp1ucM6N6XuL6ITdKWElCu8wXP72l9MM0zDTzzeikVyqFE6U8YAV9/tFyj0ti+w==

"@esbuild/linux-arm@0.21.4":
  version "0.21.4"
  resolved "https://registry.yarnpkg.com/@esbuild/linux-arm/-/linux-arm-0.21.4.tgz#1144b5654764960dd97d90ddf0893a9afc63ad91"
  integrity sha512-2rqFFefpYmpMs+FWjkzSgXg5vViocqpq5a1PSRgT0AvSgxoXmGF17qfGAzKedg6wAwyM7UltrKVo9kxaJLMF/g==

"@esbuild/linux-ia32@0.19.12":
  version "0.19.12"
  resolved "https://registry.yarnpkg.com/@esbuild/linux-ia32/-/linux-ia32-0.19.12.tgz#d0d86b5ca1562523dc284a6723293a52d5860601"
  integrity sha512-Thsa42rrP1+UIGaWz47uydHSBOgTUnwBwNq59khgIwktK6x60Hivfbux9iNR0eHCHzOLjLMLfUMLCypBkZXMHA==

"@esbuild/linux-ia32@0.21.4":
  version "0.21.4"
  resolved "https://registry.yarnpkg.com/@esbuild/linux-ia32/-/linux-ia32-0.21.4.tgz#c81b6f2ed3308d3b75ccefb5ac63bc4cf3a9d2e9"
  integrity sha512-pNftBl7m/tFG3t2m/tSjuYeWIffzwAZT9m08+9DPLizxVOsUl8DdFzn9HvJrTQwe3wvJnwTdl92AonY36w/25g==

"@esbuild/linux-loong64@0.19.12":
  version "0.19.12"
  resolved "https://registry.yarnpkg.com/@esbuild/linux-loong64/-/linux-loong64-0.19.12.tgz#9a37f87fec4b8408e682b528391fa22afd952299"
  integrity sha512-LiXdXA0s3IqRRjm6rV6XaWATScKAXjI4R4LoDlvO7+yQqFdlr1Bax62sRwkVvRIrwXxvtYEHHI4dm50jAXkuAA==

"@esbuild/linux-loong64@0.21.4":
  version "0.21.4"
  resolved "https://registry.yarnpkg.com/@esbuild/linux-loong64/-/linux-loong64-0.21.4.tgz#87b6af7cd0f2551653955fc2dc465b7f4464af0a"
  integrity sha512-cSD2gzCK5LuVX+hszzXQzlWya6c7hilO71L9h4KHwqI4qeqZ57bAtkgcC2YioXjsbfAv4lPn3qe3b00Zt+jIfQ==

"@esbuild/linux-mips64el@0.19.12":
  version "0.19.12"
  resolved "https://registry.yarnpkg.com/@esbuild/linux-mips64el/-/linux-mips64el-0.19.12.tgz#4ddebd4e6eeba20b509d8e74c8e30d8ace0b89ec"
  integrity sha512-fEnAuj5VGTanfJ07ff0gOA6IPsvrVHLVb6Lyd1g2/ed67oU1eFzL0r9WL7ZzscD+/N6i3dWumGE1Un4f7Amf+w==

"@esbuild/linux-mips64el@0.21.4":
  version "0.21.4"
  resolved "https://registry.yarnpkg.com/@esbuild/linux-mips64el/-/linux-mips64el-0.21.4.tgz#fec73cd39490a0c45d052bef03e011a0ad366c06"
  integrity sha512-qtzAd3BJh7UdbiXCrg6npWLYU0YpufsV9XlufKhMhYMJGJCdfX/G6+PNd0+v877X1JG5VmjBLUiFB0o8EUSicA==

"@esbuild/linux-ppc64@0.19.12":
  version "0.19.12"
  resolved "https://registry.yarnpkg.com/@esbuild/linux-ppc64/-/linux-ppc64-0.19.12.tgz#adb67dadb73656849f63cd522f5ecb351dd8dee8"
  integrity sha512-nYJA2/QPimDQOh1rKWedNOe3Gfc8PabU7HT3iXWtNUbRzXS9+vgB0Fjaqr//XNbd82mCxHzik2qotuI89cfixg==

"@esbuild/linux-ppc64@0.21.4":
  version "0.21.4"
  resolved "https://registry.yarnpkg.com/@esbuild/linux-ppc64/-/linux-ppc64-0.21.4.tgz#ea3b5e13b0fc8666bd4c6f7ea58bd1830f3e6e78"
  integrity sha512-yB8AYzOTaL0D5+2a4xEy7OVvbcypvDR05MsB/VVPVA7nL4hc5w5Dyd/ddnayStDgJE59fAgNEOdLhBxjfx5+dg==

"@esbuild/linux-riscv64@0.19.12":
  version "0.19.12"
  resolved "https://registry.yarnpkg.com/@esbuild/linux-riscv64/-/linux-riscv64-0.19.12.tgz#11bc0698bf0a2abf8727f1c7ace2112612c15adf"
  integrity sha512-2MueBrlPQCw5dVJJpQdUYgeqIzDQgw3QtiAHUC4RBz9FXPrskyyU3VI1hw7C0BSKB9OduwSJ79FTCqtGMWqJHg==

"@esbuild/linux-riscv64@0.21.4":
  version "0.21.4"
  resolved "https://registry.yarnpkg.com/@esbuild/linux-riscv64/-/linux-riscv64-0.21.4.tgz#80d406f653fc6b193edaeb55ac88d4ac22c8f155"
  integrity sha512-Y5AgOuVzPjQdgU59ramLoqSSiXddu7F3F+LI5hYy/d1UHN7K5oLzYBDZe23QmQJ9PIVUXwOdKJ/jZahPdxzm9w==

"@esbuild/linux-s390x@0.19.12":
  version "0.19.12"
  resolved "https://registry.yarnpkg.com/@esbuild/linux-s390x/-/linux-s390x-0.19.12.tgz#e86fb8ffba7c5c92ba91fc3b27ed5a70196c3cc8"
  integrity sha512-+Pil1Nv3Umes4m3AZKqA2anfhJiVmNCYkPchwFJNEJN5QxmTs1uzyy4TvmDrCRNT2ApwSari7ZIgrPeUx4UZDg==

"@esbuild/linux-s390x@0.21.4":
  version "0.21.4"
  resolved "https://registry.yarnpkg.com/@esbuild/linux-s390x/-/linux-s390x-0.21.4.tgz#9cbd26854b5b12cf22fb54c96cd1adffaf6ace6f"
  integrity sha512-Iqc/l/FFwtt8FoTK9riYv9zQNms7B8u+vAI/rxKuN10HgQIXaPzKZc479lZ0x6+vKVQbu55GdpYpeNWzjOhgbA==

"@esbuild/linux-x64@0.19.12":
  version "0.19.12"
  resolved "https://registry.yarnpkg.com/@esbuild/linux-x64/-/linux-x64-0.19.12.tgz#5f37cfdc705aea687dfe5dfbec086a05acfe9c78"
  integrity sha512-B71g1QpxfwBvNrfyJdVDexenDIt1CiDN1TIXLbhOw0KhJzE78KIFGX6OJ9MrtC0oOqMWf+0xop4qEU8JrJTwCg==

"@esbuild/linux-x64@0.21.4":
  version "0.21.4"
  resolved "https://registry.yarnpkg.com/@esbuild/linux-x64/-/linux-x64-0.21.4.tgz#44dfe1c5cad855362c830c604dba97fbb16fc114"
  integrity sha512-Td9jv782UMAFsuLZINfUpoF5mZIbAj+jv1YVtE58rFtfvoKRiKSkRGQfHTgKamLVT/fO7203bHa3wU122V/Bdg==

"@esbuild/netbsd-x64@0.19.12":
  version "0.19.12"
  resolved "https://registry.yarnpkg.com/@esbuild/netbsd-x64/-/netbsd-x64-0.19.12.tgz#29da566a75324e0d0dd7e47519ba2f7ef168657b"
  integrity sha512-3ltjQ7n1owJgFbuC61Oj++XhtzmymoCihNFgT84UAmJnxJfm4sYCiSLTXZtE00VWYpPMYc+ZQmB6xbSdVh0JWA==

"@esbuild/netbsd-x64@0.21.4":
  version "0.21.4"
  resolved "https://registry.yarnpkg.com/@esbuild/netbsd-x64/-/netbsd-x64-0.21.4.tgz#89b97d823e1cc4bf8c4e5dc8f76c8d6ceb1c87f3"
  integrity sha512-Awn38oSXxsPMQxaV0Ipb7W/gxZtk5Tx3+W+rAPdZkyEhQ6968r9NvtkjhnhbEgWXYbgV+JEONJ6PcdBS+nlcpA==

"@esbuild/openbsd-x64@0.19.12":
  version "0.19.12"
  resolved "https://registry.yarnpkg.com/@esbuild/openbsd-x64/-/openbsd-x64-0.19.12.tgz#306c0acbdb5a99c95be98bdd1d47c916e7dc3ff0"
  integrity sha512-RbrfTB9SWsr0kWmb9srfF+L933uMDdu9BIzdA7os2t0TXhCRjrQyCeOt6wVxr79CKD4c+p+YhCj31HBkYcXebw==

"@esbuild/openbsd-x64@0.21.4":
  version "0.21.4"
  resolved "https://registry.yarnpkg.com/@esbuild/openbsd-x64/-/openbsd-x64-0.21.4.tgz#080715bb4981c326364320d7b56835608e2bd98d"
  integrity sha512-IsUmQeCY0aU374R82fxIPu6vkOybWIMc3hVGZ3ChRwL9hA1TwY+tS0lgFWV5+F1+1ssuvvXt3HFqe8roCip8Hg==

"@esbuild/sunos-x64@0.19.12":
  version "0.19.12"
  resolved "https://registry.yarnpkg.com/@esbuild/sunos-x64/-/sunos-x64-0.19.12.tgz#0933eaab9af8b9b2c930236f62aae3fc593faf30"
  integrity sha512-HKjJwRrW8uWtCQnQOz9qcU3mUZhTUQvi56Q8DPTLLB+DawoiQdjsYq+j+D3s9I8VFtDr+F9CjgXKKC4ss89IeA==

"@esbuild/sunos-x64@0.21.4":
  version "0.21.4"
  resolved "https://registry.yarnpkg.com/@esbuild/sunos-x64/-/sunos-x64-0.21.4.tgz#8d838a8ac80e211536490108b72fb0091a811626"
  integrity sha512-hsKhgZ4teLUaDA6FG/QIu2q0rI6I36tZVfM4DBZv3BG0mkMIdEnMbhc4xwLvLJSS22uWmaVkFkqWgIS0gPIm+A==

"@esbuild/win32-arm64@0.19.12":
  version "0.19.12"
  resolved "https://registry.yarnpkg.com/@esbuild/win32-arm64/-/win32-arm64-0.19.12.tgz#773bdbaa1971b36db2f6560088639ccd1e6773ae"
  integrity sha512-URgtR1dJnmGvX864pn1B2YUYNzjmXkuJOIqG2HdU62MVS4EHpU2946OZoTMnRUHklGtJdJZ33QfzdjGACXhn1A==

"@esbuild/win32-arm64@0.21.4":
  version "0.21.4"
  resolved "https://registry.yarnpkg.com/@esbuild/win32-arm64/-/win32-arm64-0.21.4.tgz#94afb4c2ac89b0f09791606d6d93fdab322f81c8"
  integrity sha512-UUfMgMoXPoA/bvGUNfUBFLCh0gt9dxZYIx9W4rfJr7+hKe5jxxHmfOK8YSH4qsHLLN4Ck8JZ+v7Q5fIm1huErg==

"@esbuild/win32-ia32@0.19.12":
  version "0.19.12"
  resolved "https://registry.yarnpkg.com/@esbuild/win32-ia32/-/win32-ia32-0.19.12.tgz#000516cad06354cc84a73f0943a4aa690ef6fd67"
  integrity sha512-+ZOE6pUkMOJfmxmBZElNOx72NKpIa/HFOMGzu8fqzQJ5kgf6aTGrcJaFsNiVMH4JKpMipyK+7k0n2UXN7a8YKQ==

"@esbuild/win32-ia32@0.21.4":
  version "0.21.4"
  resolved "https://registry.yarnpkg.com/@esbuild/win32-ia32/-/win32-ia32-0.21.4.tgz#822085cd52f2f1dd90eabb59346ffa779c0bab83"
  integrity sha512-yIxbspZb5kGCAHWm8dexALQ9en1IYDfErzjSEq1KzXFniHv019VT3mNtTK7t8qdy4TwT6QYHI9sEZabONHg+aw==

"@esbuild/win32-x64@0.19.12":
  version "0.19.12"
  resolved "https://registry.yarnpkg.com/@esbuild/win32-x64/-/win32-x64-0.19.12.tgz#c57c8afbb4054a3ab8317591a0b7320360b444ae"
  integrity sha512-T1QyPSDCyMXaO3pzBkF96E8xMkiRYbUEZADd29SyPGabqxMViNoii+NcK7eWJAEoU6RZyEm5lVSIjTmcdoB9HA==

"@esbuild/win32-x64@0.21.4":
  version "0.21.4"
  resolved "https://registry.yarnpkg.com/@esbuild/win32-x64/-/win32-x64-0.21.4.tgz#11ef0398f9abee161193461910a507ef0d4c0c32"
  integrity sha512-sywLRD3UK/qRJt0oBwdpYLBibk7KiRfbswmWRDabuncQYSlf8aLEEUor/oP6KRz8KEG+HoiVLBhPRD5JWjS8Sg==

"@oxlint/darwin-arm64@0.3.5":
  version "0.3.5"
  resolved "https://registry.yarnpkg.com/@oxlint/darwin-arm64/-/darwin-arm64-0.3.5.tgz#212a40df5985523e11fdc53e45ac428df0235e82"
  integrity sha512-5sAjGQh7EDQbKODNqL9ZEWtxx2y1px7rMwrUvglQZasP4LdLLCrnDx5OjQEtVnrdG0TQTjLyjLbt7p3bI3Mu2Q==

"@oxlint/darwin-x64@0.3.5":
  version "0.3.5"
  resolved "https://registry.yarnpkg.com/@oxlint/darwin-x64/-/darwin-x64-0.3.5.tgz#ca28d2052995c9756c4a00c8a02b77c7d449d587"
  integrity sha512-IDLCsoOoWFGSY4LzwOXPB7yp23F/FGKo1iMFBX7gb7hLsmsHH3HmAoO8jFNL+jc3M0fEgHyWYYQFbEyCQg38hQ==

"@oxlint/linux-arm64-gnu@0.3.5":
  version "0.3.5"
  resolved "https://registry.yarnpkg.com/@oxlint/linux-arm64-gnu/-/linux-arm64-gnu-0.3.5.tgz#fecaa428feb9fc6585d6712de29e609dc2ae60b3"
  integrity sha512-HcFEOon8Y8+rDRkLKTnDlTMD20Rn4ECCalUR2kRZeflb0cJJdZ3C2BpzUVZ83W5dWk8QTg4y47xu6Xw+GLjh2w==

"@oxlint/linux-arm64-musl@0.3.5":
  version "0.3.5"
  resolved "https://registry.yarnpkg.com/@oxlint/linux-arm64-musl/-/linux-arm64-musl-0.3.5.tgz#b04d38c3d8fafb6369ce2ad339d5078aa2f72257"
  integrity sha512-xO9IiN2iHXKFoFvqu1n+PQYkJeHptq+ZiDGnbMTzrr0EGBO89wofpFrUk6DpSBeEfQ9dogm4SzmZijl9as7QLw==

"@oxlint/linux-x64-gnu@0.3.5":
  version "0.3.5"
  resolved "https://registry.yarnpkg.com/@oxlint/linux-x64-gnu/-/linux-x64-gnu-0.3.5.tgz#07a9733dea88a25ee27de8ff1ea62102eaccb61d"
  integrity sha512-FHSSDAZb5Awl/xmLJwr1jhdM51gWlW2cEpsex94EhULVpzce082wwa5m7gmbWkqlcjOHHcvXgOz0kNqKV1zBxw==

"@oxlint/linux-x64-musl@0.3.5":
  version "0.3.5"
  resolved "https://registry.yarnpkg.com/@oxlint/linux-x64-musl/-/linux-x64-musl-0.3.5.tgz#200fb05392b0fba4c9e3c640ecd954af845887f8"
  integrity sha512-tmqpSZiAVchteLjpWLFtrISp0RvkcAnmVB+b7p/pplnab793OEfAXq3y+u/qLhy+XxnCzVsPOUxc56isYYTp3g==

"@oxlint/win32-arm64@0.3.5":
  version "0.3.5"
  resolved "https://registry.yarnpkg.com/@oxlint/win32-arm64/-/win32-arm64-0.3.5.tgz#b23f483bb37fe361b9a25692662c509a1594e385"
  integrity sha512-uyPvaqLO7c2pe+taSWhB9p9noxV9tawaW7gWoSI7yb7gt965PQWJv1AHStqpNBWXOoDCgKqB/vAogPtWECYaLQ==

"@oxlint/win32-x64@0.3.5":
  version "0.3.5"
  resolved "https://registry.yarnpkg.com/@oxlint/win32-x64/-/win32-x64-0.3.5.tgz#b8c07fa311410b70f11db027434f9470ab210efe"
  integrity sha512-KV1KkFsqz+y6mKqoF180eKSxG5mdDtSUOlGsODQYaIi13JoC/BhTkE/u/cUNpyE9ZF0+PhQiOlo1dtN3OQmFkA==

"@reactgjs/gest@^0.5.0":
  version "0.5.0"
  resolved "https://registry.yarnpkg.com/@reactgjs/gest/-/gest-0.5.0.tgz#6d17c88139b29c0a3ec0d233da39cf4e40214174"
  integrity sha512-BfH5BE8plbVp8ZMMyWW2ETg4Gau2HH923vvgf0NEYSjxPtCwxHnEbNb86qdQ99JBgMQfHE0cZjsIjIP0vQr+Nw==
  dependencies:
    esbuild "~0.19.2"

"@types/json-schema@^7.0.11", "@types/json-schema@^7.0.12":
  version "7.0.15"
  resolved "https://registry.yarnpkg.com/@types/json-schema/-/json-schema-7.0.15.tgz#596a1747233694d50f6ad8a7869fcb6f56cf5841"
  integrity sha512-5+fP8P8MFNC+AyZCDxrB2pkZFPGzqQWUzpSeuuVLvm8VMcorNYavBqoFcxK8bQz4Qsbn4oUEEem4wDLfcysGHA==

"@types/prop-types@*":
  version "15.7.12"
  resolved "https://registry.yarnpkg.com/@types/prop-types/-/prop-types-15.7.12.tgz#12bb1e2be27293c1406acb6af1c3f3a1481d98c6"
  integrity sha512-5zvhXYtRNRluoE/jAp4GVsSduVUzNWKkOZrCDBWYtE7biZywwdC2AcEzg+cSMLFRfVgeAFqpfNabiPjxFddV1Q==

"@types/react-reconciler@^0.28.4":
  version "0.28.8"
  resolved "https://registry.yarnpkg.com/@types/react-reconciler/-/react-reconciler-0.28.8.tgz#e51710572bcccf214306833c2438575d310b3e98"
  integrity sha512-SN9c4kxXZonFhbX4hJrZy37yw9e7EIxcpHCxQv5JUS18wDE5ovkQKlqQEkufdJCCMfuI9BnjUJvhYeJ9x5Ra7g==
  dependencies:
    "@types/react" "*"

"@types/react@*":
  version "18.3.2"
  resolved "https://registry.yarnpkg.com/@types/react/-/react-18.3.2.tgz#462ae4904973bc212fa910424d901e3d137dbfcd"
  integrity sha512-Btgg89dAnqD4vV7R3hlwOxgqobUQKgx3MmrQRi0yYbs/P0ym8XozIAlkqVilPqHQwXs4e9Tf63rrCgl58BcO4w==
  dependencies:
    "@types/prop-types" "*"
    csstype "^3.0.2"

ansi-regex@^5.0.1:
  version "5.0.1"
  resolved "https://registry.yarnpkg.com/ansi-regex/-/ansi-regex-5.0.1.tgz#082cb2c89c9fe8659a311a53bd6a4dc5301db304"
  integrity sha512-quJQXlTSUGL2LH9SUXo8VwsY4soanhgo6LNSm84E1LBcE8s3O0wpdiRzyR9z/ZZJMlMWv37qOOb9pdJlMUEKFQ==

ansi-styles@^4.1.0:
  version "4.3.0"
  resolved "https://registry.yarnpkg.com/ansi-styles/-/ansi-styles-4.3.0.tgz#edd803628ae71c04c85ae7a0906edad34b648937"
  integrity sha512-zbB9rCJAT1rbjiVDb2hqKFHNYLxgtk8NURxZ3IZwD3F6NtxbXZQCnnSi1Lkx+IDohdPlFp222wVALIheZJQSEg==
  dependencies:
    color-convert "^2.0.1"

async-await-queue@^1.2.1:
  version "1.2.1"
  resolved "https://registry.yarnpkg.com/async-await-queue/-/async-await-queue-1.2.1.tgz#baf459f5fbac902b060a88fee4da853fd86f2128"
  integrity sha512-v2j+/EMzAnuJZ8I4570KJMFhi6G9g3WZyFh6cPnmQSJh3nLao77XpRt01kyFegQazPSKvue1yaIYDp/NfV/b0g==

chalk@^4.0.0, chalk@^4.1.2:
  version "4.1.2"
  resolved "https://registry.yarnpkg.com/chalk/-/chalk-4.1.2.tgz#aac4e2b7734a740867aeb16bf02aad556a1e7a01"
  integrity sha512-oKnbhFyRIXpUuez8iBMmyEa4nbj4IOQyuhc/wy9kY7/WVPcwIO9VA668Pu8RkO7+0G76SLROeyw9CpQ061i4mA==
  dependencies:
    ansi-styles "^4.1.0"
    supports-color "^7.1.0"

"clify.js@git+https://github.com/ncpa0cpl/clify.js#0.0.5":
  version "1.0.3"
  resolved "git+https://github.com/ncpa0cpl/clify.js#63c08dd0ad286d9416f89a34da6014f204258b38"
  dependencies:
    chalk "^4.1.2"

color-convert@^2.0.1:
  version "2.0.1"
  resolved "https://registry.yarnpkg.com/color-convert/-/color-convert-2.0.1.tgz#72d3a68d598c9bdb3af2ad1e84f21d896abd4de3"
  integrity sha512-RRECPsj7iu/xb5oKYcsFHSppFNnsj/52OVTRKb4zP5onXwVF3zVmmToNcOfGC+CRDpfK/U584fMg38ZHCaElKQ==
  dependencies:
    color-name "~1.1.4"

color-name@~1.1.4:
  version "1.1.4"
  resolved "https://registry.yarnpkg.com/color-name/-/color-name-1.1.4.tgz#c2a09a87acbde69543de6f63fa3995c826c536a2"
  integrity sha512-dOy+3AuW3a2wNbZHIuMZpTcgjGuLU/uBL/ubcZF9OXbDo8ff4O8yVp5Bf0efS8uEoYo5q4Fx7dY9OgQGXgAsQA==

csstype@^3.0.2:
  version "3.1.3"
  resolved "https://registry.yarnpkg.com/csstype/-/csstype-3.1.3.tgz#d80ff294d114fb0e6ac500fbf85b60137d7eff81"
  integrity sha512-M1uQkMl8rQK/szD0LNhtqxIPLpimGm8sOBwU7lLnCpSbTyY3yeU1Vc7l4KT5zT4s/yOxHH5O7tIuuLOCnLADRw==

dilswer@^1.2.0:
  version "1.5.0"
  resolved "https://registry.yarnpkg.com/dilswer/-/dilswer-1.5.0.tgz#b95922da65ffef276624ad29f980b8920a78b5ce"
  integrity sha512-J53vAsWMg1Yh469v+pSIMYEyaAefzFTcqoos8MIA59l0qD9US0Qfw7egpt4NkScNJuD8vLogToluh942aRhHNg==
  dependencies:
    "@types/json-schema" "^7.0.11"

dilswer@^2.1.1:
  version "2.1.1"
  resolved "https://registry.yarnpkg.com/dilswer/-/dilswer-2.1.1.tgz#82a10b128c3f98b89961b1da04b23e4b91b57bd7"
  integrity sha512-GTpSyWGniwk19hh1JKrVFsENqFqZv4Ga59JxJW5ZvGHMBLcvcGAj4YPzh2gyiz4CLDPBDXyYF9b+xxVW1Md4RA==
  dependencies:
    "@types/json-schema" "^7.0.12"

dprint@^0.45.1:
  version "0.45.1"
  resolved "https://registry.yarnpkg.com/dprint/-/dprint-0.45.1.tgz#3cab696fb0eb0f95d975eb534832f2d998aa8819"
  integrity sha512-OYefcDgxd6jSdig/Cfkw1vdvyiOIRruCPnqGBbXpc95buDt9kvwL+Lic1OHc+SaQSsQub0BUZMd5+TNgy8Sh3A==
  optionalDependencies:
    "@dprint/darwin-arm64" "0.45.1"
    "@dprint/darwin-x64" "0.45.1"
    "@dprint/linux-arm64-glibc" "0.45.1"
    "@dprint/linux-arm64-musl" "0.45.1"
    "@dprint/linux-x64-glibc" "0.45.1"
    "@dprint/linux-x64-musl" "0.45.1"
    "@dprint/win32-x64" "0.45.1"

esbuild@^0.21.2:
  version "0.21.4"
  resolved "https://registry.yarnpkg.com/esbuild/-/esbuild-0.21.4.tgz#ceb501def8edb12a5bfd9c55f3a96db698edf022"
  integrity sha512-sFMcNNrj+Q0ZDolrp5pDhH0nRPN9hLIM3fRPwgbLYJeSHHgnXSnbV3xYgSVuOeLWH9c73VwmEverVzupIv5xuA==
  optionalDependencies:
    "@esbuild/aix-ppc64" "0.21.4"
    "@esbuild/android-arm" "0.21.4"
    "@esbuild/android-arm64" "0.21.4"
    "@esbuild/android-x64" "0.21.4"
    "@esbuild/darwin-arm64" "0.21.4"
    "@esbuild/darwin-x64" "0.21.4"
    "@esbuild/freebsd-arm64" "0.21.4"
    "@esbuild/freebsd-x64" "0.21.4"
    "@esbuild/linux-arm" "0.21.4"
    "@esbuild/linux-arm64" "0.21.4"
    "@esbuild/linux-ia32" "0.21.4"
    "@esbuild/linux-loong64" "0.21.4"
    "@esbuild/linux-mips64el" "0.21.4"
    "@esbuild/linux-ppc64" "0.21.4"
    "@esbuild/linux-riscv64" "0.21.4"
    "@esbuild/linux-s390x" "0.21.4"
    "@esbuild/linux-x64" "0.21.4"
    "@esbuild/netbsd-x64" "0.21.4"
    "@esbuild/openbsd-x64" "0.21.4"
    "@esbuild/sunos-x64" "0.21.4"
    "@esbuild/win32-arm64" "0.21.4"
    "@esbuild/win32-ia32" "0.21.4"
    "@esbuild/win32-x64" "0.21.4"

esbuild@~0.19.2:
  version "0.19.12"
  resolved "https://registry.yarnpkg.com/esbuild/-/esbuild-0.19.12.tgz#dc82ee5dc79e82f5a5c3b4323a2a641827db3e04"
  integrity sha512-aARqgq8roFBj054KvQr5f1sFu0D65G+miZRCuJyJ0G13Zwx7vRar5Zhn2tkQNzIXcBrNVsv/8stehpj+GAjgbg==
  optionalDependencies:
    "@esbuild/aix-ppc64" "0.19.12"
    "@esbuild/android-arm" "0.19.12"
    "@esbuild/android-arm64" "0.19.12"
    "@esbuild/android-x64" "0.19.12"
    "@esbuild/darwin-arm64" "0.19.12"
    "@esbuild/darwin-x64" "0.19.12"
    "@esbuild/freebsd-arm64" "0.19.12"
    "@esbuild/freebsd-x64" "0.19.12"
    "@esbuild/linux-arm" "0.19.12"
    "@esbuild/linux-arm64" "0.19.12"
    "@esbuild/linux-ia32" "0.19.12"
    "@esbuild/linux-loong64" "0.19.12"
    "@esbuild/linux-mips64el" "0.19.12"
    "@esbuild/linux-ppc64" "0.19.12"
    "@esbuild/linux-riscv64" "0.19.12"
    "@esbuild/linux-s390x" "0.19.12"
    "@esbuild/linux-x64" "0.19.12"
    "@esbuild/netbsd-x64" "0.19.12"
    "@esbuild/openbsd-x64" "0.19.12"
    "@esbuild/sunos-x64" "0.19.12"
    "@esbuild/win32-arm64" "0.19.12"
    "@esbuild/win32-ia32" "0.19.12"
    "@esbuild/win32-x64" "0.19.12"

git-hook-tasks@ncpa0cpl/git-hook-tasks#master:
  version "1.0.0"
  resolved "https://codeload.github.com/ncpa0cpl/git-hook-tasks/tar.gz/4fada7136e96600b0f66606e7427cf57b857504d"
  dependencies:
    async-await-queue "^1.2.1"
    chalk "^4.0.0"
    clify.js "git+https://github.com/ncpa0cpl/clify.js#0.0.5"
    dilswer "^1.2.0"
    node-os-walk "^1.0.0"
    strip-ansi "^6.0.1"

gjs-esm-types@^0.0.4:
  version "0.0.4"
  resolved "https://registry.yarnpkg.com/gjs-esm-types/-/gjs-esm-types-0.0.4.tgz#60329a81d99c0252ae7c71c927ae0f2ef956465f"
  integrity sha512-5w9Y7etV9HorOVUswpMAM+tq5GpwLHKSqGREF392bjar6qzN2TwyCOfhnjoPbIfW9Kb1655bys54znMFfvc7ZQ==

has-flag@^4.0.0:
  version "4.0.0"
  resolved "https://registry.yarnpkg.com/has-flag/-/has-flag-4.0.0.tgz#944771fd9c81c81265c4d6941860da06bb59479b"
  integrity sha512-EykJT/Q1KjTWctppgIAgfSO0tKVuZUjhgMr17kqTumMl6Afv3EISleU7qZUzoXDFTAHTDC4NOoG/ZxU3EvlMPQ==

husky@^8.0.3:
  version "8.0.3"
  resolved "https://registry.yarnpkg.com/husky/-/husky-8.0.3.tgz#4936d7212e46d1dea28fef29bb3a108872cd9184"
  integrity sha512-+dQSyqPh4x1hlO1swXBiNb2HzTDN1I2IGLQx1GrBuiqFJfoMrnZWwVmatvSiO+Iz8fBUnf+lekwNo4c2LlXItg==

"js-tokens@^3.0.0 || ^4.0.0":
  version "4.0.0"
  resolved "https://registry.yarnpkg.com/js-tokens/-/js-tokens-4.0.0.tgz#19203fb59991df98e3a287050d4647cdeaf32499"
  integrity sha512-RdJUflcE3cUzKiMqQgsCu06FPu9UdIJO0beYbPhHN4k6apgJtifcoCtT9bcxOpYBtpD2kCM6Sbzg4CausW/PKQ==

json5@2.2.3:
  version "2.2.3"
  resolved "https://registry.yarnpkg.com/json5/-/json5-2.2.3.tgz#78cd6f1a19bdc12b73db5ad0c61efd66c1e29283"
  integrity sha512-XmOWe7eyHYH14cLdVPoyg+GOH3rYX++KpzrylJwSW98t3Nk+U8XOl8FWKOgwtzdb8lXGf6zYwDUzeHMWfxasyg==

loose-envify@^1.1.0:
  version "1.4.0"
  resolved "https://registry.yarnpkg.com/loose-envify/-/loose-envify-1.4.0.tgz#71ee51fa7be4caec1a63839f7e682d8132d30caf"
  integrity sha512-lyuxPGr/Wfhrlem2CL/UcnUc1zcqKAImBDzukY7Y5F/yQiNdko6+fRLevlw1HgMySw7f611UIY408EtxRSoK3Q==
  dependencies:
    js-tokens "^3.0.0 || ^4.0.0"

node-os-walk@^1.0.0:
  version "1.0.2"
  resolved "https://registry.yarnpkg.com/node-os-walk/-/node-os-walk-1.0.2.tgz#82011408577437856451398f14cfe7fd0982902f"
  integrity sha512-aJOH1sKNP2vdYZwLyaSqPouM5Bg5YnNd0t/8cdLz2mjxDGxZyqFpa7vTsbhfjUdJM3ZBwiLPwu84kl2tET8T+Q==

oxlint@^0.3.2:
  version "0.3.5"
  resolved "https://registry.yarnpkg.com/oxlint/-/oxlint-0.3.5.tgz#4c791e0c8ccfd6a3b4895c7d78cafbd7ae0f3ed3"
  integrity sha512-FXTLyoech+kMuKSmoltdx6s6TCCDqa7k3O4uONPuEkVswIL6X0RrSA/b+p6w+ppuUmpQviw/iiCbOOMPcVS9cA==
  optionalDependencies:
    "@oxlint/darwin-arm64" "0.3.5"
    "@oxlint/darwin-x64" "0.3.5"
    "@oxlint/linux-arm64-gnu" "0.3.5"
    "@oxlint/linux-arm64-musl" "0.3.5"
    "@oxlint/linux-x64-gnu" "0.3.5"
    "@oxlint/linux-x64-musl" "0.3.5"
    "@oxlint/win32-arm64" "0.3.5"
    "@oxlint/win32-x64" "0.3.5"

react-reconciler@^0.29.0:
  version "0.29.2"
  resolved "https://registry.yarnpkg.com/react-reconciler/-/react-reconciler-0.29.2.tgz#8ecfafca63549a4f4f3e4c1e049dd5ad9ac3a54f"
  integrity sha512-zZQqIiYgDCTP/f1N/mAR10nJGrPD2ZR+jDSEsKWJHYC7Cm2wodlwbR3upZRdC3cjIjSlTLNVyO7Iu0Yy7t2AYg==
  dependencies:
    loose-envify "^1.1.0"
    scheduler "^0.23.2"

react@^18.3.1:
  version "18.3.1"
  resolved "https://registry.yarnpkg.com/react/-/react-18.3.1.tgz#49ab892009c53933625bd16b2533fc754cab2891"
  integrity sha512-wS+hAgJShR0KhEvPJArfuPVN1+Hz1t0Y6n5jLrGQbkb4urgPE/0Rve+1kMB1v/oWgHgm4WIcV+i7F2pTVj+2iQ==
  dependencies:
    loose-envify "^1.1.0"

scheduler@^0.23.2:
  version "0.23.2"
  resolved "https://registry.yarnpkg.com/scheduler/-/scheduler-0.23.2.tgz#414ba64a3b282892e944cf2108ecc078d115cdc3"
  integrity sha512-UOShsPwz7NrMUqhR6t0hWjFduvOzbtv7toDH1/hIrfRNIDBnnBWd0CwJTGvTpngVlmwGCdP9/Zl/tVrDqcuYzQ==
  dependencies:
    loose-envify "^1.1.0"

strip-ansi@^6.0.1:
  version "6.0.1"
  resolved "https://registry.yarnpkg.com/strip-ansi/-/strip-ansi-6.0.1.tgz#9e26c63d30f53443e9489495b2105d37b67a85d9"
  integrity sha512-Y38VPSHcqkFrCpFnQ9vuSXmquuv5oXOKpGeT6aGrr3o3Gc9AlVa6JBfUSOCnbxGGZF+/0ooI7KrPuUSztUdU5A==
  dependencies:
    ansi-regex "^5.0.1"

supports-color@^7.1.0:
  version "7.2.0"
  resolved "https://registry.yarnpkg.com/supports-color/-/supports-color-7.2.0.tgz#1b7dcdcb32b8138801b3e478ba6a51caa89648da"
  integrity sha512-qpCAvRl9stuOHveKsn7HncJRvv501qIacKzQlO/+Lwxc9+0q2wLyv4Dfvt80/DPn2pqOBsJdDiogXGR9+OvwRw==
  dependencies:
    has-flag "^4.0.0"

typescript@^5.4.5:
  version "5.4.5"
  resolved "https://registry.yarnpkg.com/typescript/-/typescript-5.4.5.tgz#42ccef2c571fdbd0f6718b1d1f5e6e5ef006f611"
  integrity sha512-vcI4UpRgg81oIRUFwR0WSIHKt11nJ7SAVlYNIu+QpqeyXP+gpQJy/Z4+F0aGxSE4MqwjyXvW/TzgkLAx2AGHwQ==
